<Solution>
  <Folder Name="/Installer/">
    <Project Path="Installer/FileAssocDefender.Installer.wixproj" Type="b7dd6f7e-def8-4e67-b5b7-07ef123db6f0" />
  </Folder>
  <Project Path="FileAssocDefender.Tests/FileAssocDefender.Tests.csproj" />
  <Project Path="FileAssocDefender/FileAssocDefender.csproj" />
</Solution>
